{
  "nodes": {
    "gnome-mobile": {
      "locked": {
        "lastModified": 1748795015,
        "narHash": "sha256-+XyXaa3KmgOykQpo6k4XsEaHWDGj8inCxMMGOWat4EM=",
        "owner": "chuangzhu",
        "repo": "nixpkgs-gnome-mobile",
        "rev": "825ebb10c8bf02cb4b6553f3b85e169dc92484d7",
        "type": "github"
      },
      "original": {
        "owner": "chuangzhu",
        "repo": "nixpkgs-gnome-mobile",
        "type": "github"
      }
    },
    "mobile-nixos": {
      "flake": false,
      "locked": {
        "lastModified": 1763065138,
        "narHash": "sha256-46lJeUYH8YrfTccAoKQbO9lprq4dlo9VVLk+StPBSWM=",
        "owner": "mobile-nixos",
        "repo": "mobile-nixos",
        "rev": "1943b7b06fcd1a2c87f4b89df58231915cc2ca44",
        "type": "github"
      },
      "original": {
        "owner": "mobile-nixos",
        "repo": "mobile-nixos",
        "type": "github"
      }
    },
    "nixpkgs": {
      "locked": {
        "lastModified": 1764836381,
        "narHash": "sha256-8jemYbbW9EBttQKHep7Rj8kzXaxsrk/lACdXA2DN5Xk=",
        "owner": "NixOS",
        "repo": "nixpkgs",
        "rev": "ff06bd3398fb1bea6c937039ece7e7c8aa396ebf",
        "type": "github"
      },
      "original": {
        "owner": "NixOS",
        "ref": "nixos-25.05",
        "repo": "nixpkgs",
        "type": "github"
      }
    },
    "root": {
      "inputs": {
        "gnome-mobile": "gnome-mobile",
        "mobile-nixos": "mobile-nixos",
        "nixpkgs": "nixpkgs"
      }
    }
  },
  "root": "root",
  "version": 7
}
